# This file is automatically @generated by Cargo.
# It is not intended for manual editing.
version = 4

[[package]]
name = "hyrax_ds"
version = "0.1.0"
dependencies = [
 "hyrax_err",
]

[[package]]
name = "hyrax_ds_std"
version = "0.1.0"
dependencies = [
 "hyrax_ds",
 "log",
 "zerocopy",
]

[[package]]
name = "hyrax_err"
version = "0.1.0"
dependencies = [
 "thiserror",
]

[[package]]
name = "hyrax_fs"
version = "0.1.0"
dependencies = [
 "hyrax_err",
 "zerocopy",
]

[[package]]
name = "hyrax_fs_cdfs"
version = "0.1.0"
dependencies = [
 "hyrax_ds",
 "hyrax_fs",
 "log",
 "zerocopy",
]

[[package]]
name = "hyrax_fs_exfat"
version = "0.1.0"
dependencies = [
 "hyrax_ds",
 "hyrax_fs",
 "log",
 "zerocopy",
]

[[package]]
name = "hyrax_fs_fat"
version = "0.1.0"
dependencies = [
 "hyrax_ds",
 "hyrax_fs",
 "log",
 "zerocopy",
]

[[package]]
name = "hyrax_fs_ntfs"
version = "0.1.0"
dependencies = [
 "hyrax_ds",
 "hyrax_fs",
 "log",
 "zerocopy",
]

[[package]]
name = "log"
version = "0.4.22"
source = "registry+https://github.com/rust-lang/crates.io-index"
checksum = "a7a70ba024b9dc04c27ea2f0c0548feb474ec5c54bba33a7f72f873a39d07b24"

[[package]]
name = "proc-macro2"
version = "1.0.89"
source = "registry+https://github.com/rust-lang/crates.io-index"
checksum = "f139b0662de085916d1fb67d2b4169d1addddda1919e696f3252b740b629986e"
dependencies = [
 "unicode-ident",
]

[[package]]
name = "quote"
version = "1.0.37"
source = "registry+https://github.com/rust-lang/crates.io-index"
checksum = "b5b9d34b8991d19d98081b46eacdd8eb58c6f2b201139f7c5f643cc155a633af"
dependencies = [
 "proc-macro2",
]

[[package]]
name = "syn"
version = "2.0.85"
source = "registry+https://github.com/rust-lang/crates.io-index"
checksum = "5023162dfcd14ef8f32034d8bcd4cc5ddc61ef7a247c024a33e24e1f24d21b56"
dependencies = [
 "proc-macro2",
 "quote",
 "unicode-ident",
]

[[package]]
name = "thiserror"
version = "1.0.65"
source = "registry+https://github.com/rust-lang/crates.io-index"
checksum = "5d11abd9594d9b38965ef50805c5e469ca9cc6f197f883f717e0269a3057b3d5"
dependencies = [
 "thiserror-impl",
]

[[package]]
name = "thiserror-impl"
version = "1.0.65"
source = "registry+https://github.com/rust-lang/crates.io-index"
checksum = "ae71770322cbd277e69d762a16c444af02aa0575ac0d174f0b9562d3b37f8602"
dependencies = [
 "proc-macro2",
 "quote",
 "syn",
]

[[package]]
name = "unicode-ident"
version = "1.0.13"
source = "registry+https://github.com/rust-lang/crates.io-index"
checksum = "e91b56cd4cadaeb79bbf1a5645f6b4f8dc5bde8834ad5894a8db35fda9efa1fe"

[[package]]
name = "zerocopy"
version = "0.8.7"
source = "registry+https://github.com/rust-lang/crates.io-index"
checksum = "bb3da5f7220f919a6c7af7c856435a68ee1582fd7a77aa72936257d8335bd6f6"
dependencies = [
 "zerocopy-derive",
]

[[package]]
name = "zerocopy-derive"
version = "0.8.7"
source = "registry+https://github.com/rust-lang/crates.io-index"
checksum = "2e5f54f3cc93cd80745404626681b4b9fca9a867bad5a8424b618eb0db1ae6ea"
dependencies = [
 "proc-macro2",
 "quote",
 "syn",
]
